
Microsoft Visual Studio Solution File, Format Version 12.00
# Visual Studio 15
VisualStudioVersion = 15.0.27703.2042
MinimumVisualStudioVersion = 10.0.40219.1
Project("{9A19103F-16F7-4668-BE54-9A1E7A4F7556}") = "MarsToday.Web", "MarsToday.Web\MarsToday.Web.csproj", "{74182603-7036-4ADC-BC35-B048692ED5C9}"
EndProject
Project("{E53339B2-1760-4266-BCC7-CA923CBCF16C}") = "docker-compose", "docker-compose.dcproj", "{9BAB3D9A-51CB-490F-B284-972DD9C8755C}"
EndProject
Global
	GlobalSection(SolutionConfigurationPlatforms) = preSolution
		Debug|Any CPU = Debug|Any CPU
		Release|Any CPU = Release|Any CPU
	EndGlobalSection
	GlobalSection(ProjectConfigurationPlatforms) = postSolution
		{74182603-7036-4ADC-BC35-B048692ED5C9}.Debug|Any CPU.ActiveCfg = Debug|Any CPU
		{74182603-7036-4ADC-BC35-B048692ED5C9}.Debug|Any CPU.Build.0 = Debug|Any CPU
		{74182603-7036-4ADC-BC35-B048692ED5C9}.Release|Any CPU.ActiveCfg = Release|Any CPU
		{74182603-7036-4ADC-BC35-B048692ED5C9}.Release|Any CPU.Build.0 = Release|Any CPU
		{9BAB3D9A-51CB-490F-B284-972DD9C8755C}.Debug|Any CPU.ActiveCfg = Debug|Any CPU
		{9BAB3D9A-51CB-490F-B284-972DD9C8755C}.Debug|Any CPU.Build.0 = Debug|Any CPU
		{9BAB3D9A-51CB-490F-B284-972DD9C8755C}.Release|Any CPU.ActiveCfg = Release|Any CPU
		{9BAB3D9A-51CB-490F-B284-972DD9C8755C}.Release|Any CPU.Build.0 = Release|Any CPU
	EndGlobalSection
	GlobalSection(SolutionProperties) = preSolution
		HideSolutionNode = FALSE
	EndGlobalSection
	GlobalSection(ExtensibilityGlobals) = postSolution
		SolutionGuid = {CF00750A-D23B-4055-A341-3410B4095B95}
	EndGlobalSection
EndGlobal
